// !$*UTF8*$!
{
	archiveVersion = 1;
	classes = {
	};
	objectVersion = 56;
	objects = {

/* Begin PBXBuildFile section */
		AF095E432AB4EDE500A9D7DD /* Assets.xcassets in Resources */ = {isa = PBXBuildFile; fileRef = AF095E422AB4EDE500A9D7DD /* Assets.xcassets */; };
		AF095E462AB4EDE500A9D7DD /* Preview Assets.xcassets in Resources */ = {isa = PBXBuildFile; fileRef = AF095E452AB4EDE500A9D7DD /* Preview Assets.xcassets */; };
		AF095E502AB4EDE500A9D7DD /* ShopInListWatch_Watch_AppTests.swift in Sources */ = {isa = PBXBuildFile; fileRef = AF095E4F2AB4EDE500A9D7DD /* ShopInListWatch_Watch_AppTests.swift */; };
		AF095E5A2AB4EDE500A9D7DD /* ShopInListWatch_Watch_AppUITests.swift in Sources */ = {isa = PBXBuildFile; fileRef = AF095E592AB4EDE500A9D7DD /* ShopInListWatch_Watch_AppUITests.swift */; };
		AF095E5C2AB4EDE500A9D7DD /* ShopInListWatch_Watch_AppUITestsLaunchTests.swift in Sources */ = {isa = PBXBuildFile; fileRef = AF095E5B2AB4EDE500A9D7DD /* ShopInListWatch_Watch_AppUITestsLaunchTests.swift */; };
		AF095E5F2AB4EDE500A9D7DD /* ShopInListWatch Watch App.app in Embed Watch Content */ = {isa = PBXBuildFile; fileRef = AF095E3C2AB4EDE400A9D7DD /* ShopInListWatch Watch App.app */; settings = {ATTRIBUTES = (RemoveHeadersOnCopy, ); }; };
		AF095E6A2AB4F1C500A9D7DD /* ProductList.swift in Sources */ = {isa = PBXBuildFile; fileRef = AF4D8C2C2AB371470096ADBA /* ProductList.swift */; };
		AF095E6B2AB4F1C600A9D7DD /* ProductSectionListItemView.swift in Sources */ = {isa = PBXBuildFile; fileRef = AF3D91862AA5B1EE00DBA3EF /* ProductSectionListItemView.swift */; };
		AF095E6C2AB4F1C600A9D7DD /* ProductImage.swift in Sources */ = {isa = PBXBuildFile; fileRef = AFDF02452AA4ACCA009E1A28 /* ProductImage.swift */; };
		AF095E6D2AB4F1C600A9D7DD /* MainView.swift in Sources */ = {isa = PBXBuildFile; fileRef = AFF5EED12AA2216700B840A4 /* MainView.swift */; };
		AF095E6E2AB4F1C600A9D7DD /* Group.swift in Sources */ = {isa = PBXBuildFile; fileRef = AFF5EF002AA2234F00B840A4 /* Group.swift */; };
		AF095E6F2AB4F1C600A9D7DD /* ShopInListApp.swift in Sources */ = {isa = PBXBuildFile; fileRef = AFF5EECF2AA2216700B840A4 /* ShopInListApp.swift */; };
		AF095E702AB4F1C600A9D7DD /* SectionList.swift in Sources */ = {isa = PBXBuildFile; fileRef = AF3D91842AA5B0A100DBA3EF /* SectionList.swift */; };
		AF095E712AB4F1C600A9D7DD /* ProductListItemView.swift in Sources */ = {isa = PBXBuildFile; fileRef = AFDF02492AA4CAC7009E1A28 /* ProductListItemView.swift */; };
		AF095E722AB4F1C600A9D7DD /* DebugMenuViewController.swift in Sources */ = {isa = PBXBuildFile; fileRef = AF81AF722AA4A30A0010AEC6 /* DebugMenuViewController.swift */; };
		AF095E762AB4F1C600A9D7DD /* ProductSection.swift in Sources */ = {isa = PBXBuildFile; fileRef = AFF5EF022AA2235F00B840A4 /* ProductSection.swift */; };
		AF095E772AB4F1C600A9D7DD /* Product.swift in Sources */ = {isa = PBXBuildFile; fileRef = AFF5EEFE2AA221DD00B840A4 /* Product.swift */; };
		AF095E782AB4F1C600A9D7DD /* Mall.swift in Sources */ = {isa = PBXBuildFile; fileRef = AFF5EF042AA2250A00B840A4 /* Mall.swift */; };
		AF095E7A2AB4FD9600A9D7DD /* EditView.swift in Sources */ = {isa = PBXBuildFile; fileRef = AFDF02432AA4A575009E1A28 /* EditView.swift */; };
		AF095E7B2AB4FE3C00A9D7DD /* ProductSectionEditView.swift in Sources */ = {isa = PBXBuildFile; fileRef = AF3D91882AA5B29600DBA3EF /* ProductSectionEditView.swift */; };
		AF3D91852AA5B0A100DBA3EF /* SectionList.swift in Sources */ = {isa = PBXBuildFile; fileRef = AF3D91842AA5B0A100DBA3EF /* SectionList.swift */; };
		AF3D91872AA5B1EE00DBA3EF /* ProductSectionListItemView.swift in Sources */ = {isa = PBXBuildFile; fileRef = AF3D91862AA5B1EE00DBA3EF /* ProductSectionListItemView.swift */; };
		AF3D91892AA5B29600DBA3EF /* ProductSectionEditView.swift in Sources */ = {isa = PBXBuildFile; fileRef = AF3D91882AA5B29600DBA3EF /* ProductSectionEditView.swift */; };
		AF4D8C2D2AB371470096ADBA /* ProductList.swift in Sources */ = {isa = PBXBuildFile; fileRef = AF4D8C2C2AB371470096ADBA /* ProductList.swift */; };
		AF4D8C342AB38A270096ADBA /* ImagePicker.swift in Sources */ = {isa = PBXBuildFile; fileRef = AF4D8C332AB38A270096ADBA /* ImagePicker.swift */; };
		AF81AF732AA4A30A0010AEC6 /* DebugMenuViewController.swift in Sources */ = {isa = PBXBuildFile; fileRef = AF81AF722AA4A30A0010AEC6 /* DebugMenuViewController.swift */; };
		AFDF02442AA4A575009E1A28 /* EditView.swift in Sources */ = {isa = PBXBuildFile; fileRef = AFDF02432AA4A575009E1A28 /* EditView.swift */; };
		AFDF02462AA4ACCA009E1A28 /* ProductImage.swift in Sources */ = {isa = PBXBuildFile; fileRef = AFDF02452AA4ACCA009E1A28 /* ProductImage.swift */; };
		AFDF02482AA4AF61009E1A28 /* ImagePicherView.swift in Sources */ = {isa = PBXBuildFile; fileRef = AFDF02472AA4AF61009E1A28 /* ImagePicherView.swift */; };
		AFDF024A2AA4CAC7009E1A28 /* ProductListItemView.swift in Sources */ = {isa = PBXBuildFile; fileRef = AFDF02492AA4CAC7009E1A28 /* ProductListItemView.swift */; };
		AFF5EED02AA2216700B840A4 /* ShopInListApp.swift in Sources */ = {isa = PBXBuildFile; fileRef = AFF5EECF2AA2216700B840A4 /* ShopInListApp.swift */; };
		AFF5EED22AA2216700B840A4 /* MainView.swift in Sources */ = {isa = PBXBuildFile; fileRef = AFF5EED12AA2216700B840A4 /* MainView.swift */; };
		AFF5EED62AA2216800B840A4 /* Assets.xcassets in Resources */ = {isa = PBXBuildFile; fileRef = AFF5EED52AA2216800B840A4 /* Assets.xcassets */; };
		AFF5EED92AA2216800B840A4 /* Preview Assets.xcassets in Resources */ = {isa = PBXBuildFile; fileRef = AFF5EED82AA2216800B840A4 /* Preview Assets.xcassets */; };
		AFF5EEE52AA2216800B840A4 /* ShopInListTests.swift in Sources */ = {isa = PBXBuildFile; fileRef = AFF5EEE42AA2216800B840A4 /* ShopInListTests.swift */; };
		AFF5EEEF2AA2216800B840A4 /* ShopInListUITests.swift in Sources */ = {isa = PBXBuildFile; fileRef = AFF5EEEE2AA2216800B840A4 /* ShopInListUITests.swift */; };
		AFF5EEF12AA2216800B840A4 /* ShopInListUITestsLaunchTests.swift in Sources */ = {isa = PBXBuildFile; fileRef = AFF5EEF02AA2216800B840A4 /* ShopInListUITestsLaunchTests.swift */; };
		AFF5EEFF2AA221DD00B840A4 /* Product.swift in Sources */ = {isa = PBXBuildFile; fileRef = AFF5EEFE2AA221DD00B840A4 /* Product.swift */; };
		AFF5EF012AA2234F00B840A4 /* Group.swift in Sources */ = {isa = PBXBuildFile; fileRef = AFF5EF002AA2234F00B840A4 /* Group.swift */; };
		AFF5EF032AA2235F00B840A4 /* ProductSection.swift in Sources */ = {isa = PBXBuildFile; fileRef = AFF5EF022AA2235F00B840A4 /* ProductSection.swift */; };
		AFF5EF052AA2250A00B840A4 /* Mall.swift in Sources */ = {isa = PBXBuildFile; fileRef = AFF5EF042AA2250A00B840A4 /* Mall.swift */; };
/* End PBXBuildFile section */

/* Begin PBXContainerItemProxy section */
		AF095E4C2AB4EDE500A9D7DD /* PBXContainerItemProxy */ = {
			isa = PBXContainerItemProxy;
			containerPortal = AFF5EEC42AA2216700B840A4 /* Project object */;
			proxyType = 1;
			remoteGlobalIDString = AF095E3B2AB4EDE400A9D7DD;
			remoteInfo = "ShopInListWatch Watch App";
		};
		AF095E562AB4EDE500A9D7DD /* PBXContainerItemProxy */ = {
			isa = PBXContainerItemProxy;
			containerPortal = AFF5EEC42AA2216700B840A4 /* Project object */;
			proxyType = 1;
			remoteGlobalIDString = AF095E3B2AB4EDE400A9D7DD;
			remoteInfo = "ShopInListWatch Watch App";
		};
		AF095E5D2AB4EDE500A9D7DD /* PBXContainerItemProxy */ = {
			isa = PBXContainerItemProxy;
			containerPortal = AFF5EEC42AA2216700B840A4 /* Project object */;
			proxyType = 1;
			remoteGlobalIDString = AF095E3B2AB4EDE400A9D7DD;
			remoteInfo = "ShopInListWatch Watch App";
		};
		AFF5EEE12AA2216800B840A4 /* PBXContainerItemProxy */ = {
			isa = PBXContainerItemProxy;
			containerPortal = AFF5EEC42AA2216700B840A4 /* Project object */;
			proxyType = 1;
			remoteGlobalIDString = AFF5EECB2AA2216700B840A4;
			remoteInfo = ShopInList;
		};
		AFF5EEEB2AA2216800B840A4 /* PBXContainerItemProxy */ = {
			isa = PBXContainerItemProxy;
			containerPortal = AFF5EEC42AA2216700B840A4 /* Project object */;
			proxyType = 1;
			remoteGlobalIDString = AFF5EECB2AA2216700B840A4;
			remoteInfo = ShopInList;
		};
/* End PBXContainerItemProxy section */

/* Begin PBXCopyFilesBuildPhase section */
		AF095E602AB4EDE500A9D7DD /* Embed Watch Content */ = {
			isa = PBXCopyFilesBuildPhase;
			buildActionMask = 2147483647;
			dstPath = "$(CONTENTS_FOLDER_PATH)/Watch";
			dstSubfolderSpec = 16;
			files = (
				AF095E5F2AB4EDE500A9D7DD /* ShopInListWatch Watch App.app in Embed Watch Content */,
			);
			name = "Embed Watch Content";
			runOnlyForDeploymentPostprocessing = 0;
		};
/* End PBXCopyFilesBuildPhase section */

/* Begin PBXFileReference section */
		AF095E3C2AB4EDE400A9D7DD /* ShopInListWatch Watch App.app */ = {isa = PBXFileReference; explicitFileType = wrapper.application; includeInIndex = 0; path = "ShopInListWatch Watch App.app"; sourceTree = BUILT_PRODUCTS_DIR; };
		AF095E422AB4EDE500A9D7DD /* Assets.xcassets */ = {isa = PBXFileReference; lastKnownFileType = folder.assetcatalog; path = Assets.xcassets; sourceTree = "<group>"; };
		AF095E452AB4EDE500A9D7DD /* Preview Assets.xcassets */ = {isa = PBXFileReference; lastKnownFileType = folder.assetcatalog; path = "Preview Assets.xcassets"; sourceTree = "<group>"; };
		AF095E4B2AB4EDE500A9D7DD /* ShopInListWatch Watch AppTests.xctest */ = {isa = PBXFileReference; explicitFileType = wrapper.cfbundle; includeInIndex = 0; path = "ShopInListWatch Watch AppTests.xctest"; sourceTree = BUILT_PRODUCTS_DIR; };
		AF095E4F2AB4EDE500A9D7DD /* ShopInListWatch_Watch_AppTests.swift */ = {isa = PBXFileReference; lastKnownFileType = sourcecode.swift; path = ShopInListWatch_Watch_AppTests.swift; sourceTree = "<group>"; };
		AF095E552AB4EDE500A9D7DD /* ShopInListWatch Watch AppUITests.xctest */ = {isa = PBXFileReference; explicitFileType = wrapper.cfbundle; includeInIndex = 0; path = "ShopInListWatch Watch AppUITests.xctest"; sourceTree = BUILT_PRODUCTS_DIR; };
		AF095E592AB4EDE500A9D7DD /* ShopInListWatch_Watch_AppUITests.swift */ = {isa = PBXFileReference; lastKnownFileType = sourcecode.swift; path = ShopInListWatch_Watch_AppUITests.swift; sourceTree = "<group>"; };
		AF095E5B2AB4EDE500A9D7DD /* ShopInListWatch_Watch_AppUITestsLaunchTests.swift */ = {isa = PBXFileReference; lastKnownFileType = sourcecode.swift; path = ShopInListWatch_Watch_AppUITestsLaunchTests.swift; sourceTree = "<group>"; };
		AF095EB52AB5F7F800A9D7DD /* ShopInListWatch Watch App.entitlements */ = {isa = PBXFileReference; lastKnownFileType = text.plist.entitlements; path = "ShopInListWatch Watch App.entitlements"; sourceTree = "<group>"; };
		AF095EB62AB5F81B00A9D7DD /* ShopInListWatch-Watch-App-Info.plist */ = {isa = PBXFileReference; lastKnownFileType = text.plist; path = "ShopInListWatch-Watch-App-Info.plist"; sourceTree = SOURCE_ROOT; };
		AF3D91842AA5B0A100DBA3EF /* SectionList.swift */ = {isa = PBXFileReference; lastKnownFileType = sourcecode.swift; path = SectionList.swift; sourceTree = "<group>"; };
		AF3D91862AA5B1EE00DBA3EF /* ProductSectionListItemView.swift */ = {isa = PBXFileReference; lastKnownFileType = sourcecode.swift; path = ProductSectionListItemView.swift; sourceTree = "<group>"; };
		AF3D91882AA5B29600DBA3EF /* ProductSectionEditView.swift */ = {isa = PBXFileReference; lastKnownFileType = sourcecode.swift; path = ProductSectionEditView.swift; sourceTree = "<group>"; };
		AF4D8C2C2AB371470096ADBA /* ProductList.swift */ = {isa = PBXFileReference; lastKnownFileType = sourcecode.swift; path = ProductList.swift; sourceTree = "<group>"; };
		AF4D8C332AB38A270096ADBA /* ImagePicker.swift */ = {isa = PBXFileReference; lastKnownFileType = sourcecode.swift; path = ImagePicker.swift; sourceTree = "<group>"; };
		AF81AF722AA4A30A0010AEC6 /* DebugMenuViewController.swift */ = {isa = PBXFileReference; fileEncoding = 4; lastKnownFileType = sourcecode.swift; path = DebugMenuViewController.swift; sourceTree = "<group>"; };
		AFDF02432AA4A575009E1A28 /* EditView.swift */ = {isa = PBXFileReference; lastKnownFileType = sourcecode.swift; path = EditView.swift; sourceTree = "<group>"; };
		AFDF02452AA4ACCA009E1A28 /* ProductImage.swift */ = {isa = PBXFileReference; lastKnownFileType = sourcecode.swift; path = ProductImage.swift; sourceTree = "<group>"; };
		AFDF02472AA4AF61009E1A28 /* ImagePicherView.swift */ = {isa = PBXFileReference; lastKnownFileType = sourcecode.swift; path = ImagePicherView.swift; sourceTree = "<group>"; };
		AFDF02492AA4CAC7009E1A28 /* ProductListItemView.swift */ = {isa = PBXFileReference; lastKnownFileType = sourcecode.swift; path = ProductListItemView.swift; sourceTree = "<group>"; };
		AFF5EECC2AA2216700B840A4 /* ShopInList.app */ = {isa = PBXFileReference; explicitFileType = wrapper.application; includeInIndex = 0; path = ShopInList.app; sourceTree = BUILT_PRODUCTS_DIR; };
		AFF5EECF2AA2216700B840A4 /* ShopInListApp.swift */ = {isa = PBXFileReference; lastKnownFileType = sourcecode.swift; path = ShopInListApp.swift; sourceTree = "<group>"; };
		AFF5EED12AA2216700B840A4 /* MainView.swift */ = {isa = PBXFileReference; lastKnownFileType = sourcecode.swift; path = MainView.swift; sourceTree = "<group>"; };
		AFF5EED52AA2216800B840A4 /* Assets.xcassets */ = {isa = PBXFileReference; lastKnownFileType = folder.assetcatalog; path = Assets.xcassets; sourceTree = "<group>"; };
		AFF5EED82AA2216800B840A4 /* Preview Assets.xcassets */ = {isa = PBXFileReference; lastKnownFileType = folder.assetcatalog; path = "Preview Assets.xcassets"; sourceTree = "<group>"; };
		AFF5EEDA2AA2216800B840A4 /* ShopInList.entitlements */ = {isa = PBXFileReference; lastKnownFileType = text.plist.entitlements; path = ShopInList.entitlements; sourceTree = "<group>"; };
		AFF5EEDB2AA2216800B840A4 /* Info.plist */ = {isa = PBXFileReference; lastKnownFileType = text.plist.xml; path = Info.plist; sourceTree = "<group>"; };
		AFF5EEE02AA2216800B840A4 /* ShopInListTests.xctest */ = {isa = PBXFileReference; explicitFileType = wrapper.cfbundle; includeInIndex = 0; path = ShopInListTests.xctest; sourceTree = BUILT_PRODUCTS_DIR; };
		AFF5EEE42AA2216800B840A4 /* ShopInListTests.swift */ = {isa = PBXFileReference; lastKnownFileType = sourcecode.swift; path = ShopInListTests.swift; sourceTree = "<group>"; };
		AFF5EEEA2AA2216800B840A4 /* ShopInListUITests.xctest */ = {isa = PBXFileReference; explicitFileType = wrapper.cfbundle; includeInIndex = 0; path = ShopInListUITests.xctest; sourceTree = BUILT_PRODUCTS_DIR; };
		AFF5EEEE2AA2216800B840A4 /* ShopInListUITests.swift */ = {isa = PBXFileReference; lastKnownFileType = sourcecode.swift; path = ShopInListUITests.swift; sourceTree = "<group>"; };
		AFF5EEF02AA2216800B840A4 /* ShopInListUITestsLaunchTests.swift */ = {isa = PBXFileReference; lastKnownFileType = sourcecode.swift; path = ShopInListUITestsLaunchTests.swift; sourceTree = "<group>"; };
		AFF5EEFE2AA221DD00B840A4 /* Product.swift */ = {isa = PBXFileReference; lastKnownFileType = sourcecode.swift; path = Product.swift; sourceTree = "<group>"; };
		AFF5EF002AA2234F00B840A4 /* Group.swift */ = {isa = PBXFileReference; lastKnownFileType = sourcecode.swift; path = Group.swift; sourceTree = "<group>"; };
		AFF5EF022AA2235F00B840A4 /* ProductSection.swift */ = {isa = PBXFileReference; lastKnownFileType = sourcecode.swift; path = ProductSection.swift; sourceTree = "<group>"; };
		AFF5EF042AA2250A00B840A4 /* Mall.swift */ = {isa = PBXFileReference; lastKnownFileType = sourcecode.swift; path = Mall.swift; sourceTree = "<group>"; };
/* End PBXFileReference section */

/* Begin PBXFrameworksBuildPhase section */
		AF095E392AB4EDE400A9D7DD /* Frameworks */ = {
			isa = PBXFrameworksBuildPhase;
			buildActionMask = 2147483647;
			files = (
			);
			runOnlyForDeploymentPostprocessing = 0;
		};
		AF095E482AB4EDE500A9D7DD /* Frameworks */ = {
			isa = PBXFrameworksBuildPhase;
			buildActionMask = 2147483647;
			files = (
			);
			runOnlyForDeploymentPostprocessing = 0;
		};
		AF095E522AB4EDE500A9D7DD /* Frameworks */ = {
			isa = PBXFrameworksBuildPhase;
			buildActionMask = 2147483647;
			files = (
			);
			runOnlyForDeploymentPostprocessing = 0;
		};
		AFF5EEC92AA2216700B840A4 /* Frameworks */ = {
			isa = PBXFrameworksBuildPhase;
			buildActionMask = 2147483647;
			files = (
			);
			runOnlyForDeploymentPostprocessing = 0;
		};
		AFF5EEDD2AA2216800B840A4 /* Frameworks */ = {
			isa = PBXFrameworksBuildPhase;
			buildActionMask = 2147483647;
			files = (
			);
			runOnlyForDeploymentPostprocessing = 0;
		};
		AFF5EEE72AA2216800B840A4 /* Frameworks */ = {
			isa = PBXFrameworksBuildPhase;
			buildActionMask = 2147483647;
			files = (
			);
			runOnlyForDeploymentPostprocessing = 0;
		};
/* End PBXFrameworksBuildPhase section */

/* Begin PBXGroup section */
		AF095E3D2AB4EDE400A9D7DD /* ShopInListWatch Watch App */ = {
			isa = PBXGroup;
			children = (
				AF095EB62AB5F81B00A9D7DD /* ShopInListWatch-Watch-App-Info.plist */,
				AF095EB52AB5F7F800A9D7DD /* ShopInListWatch Watch App.entitlements */,
				AF095E422AB4EDE500A9D7DD /* Assets.xcassets */,
				AF095E442AB4EDE500A9D7DD /* Preview Content */,
			);
			path = "ShopInListWatch Watch App";
			sourceTree = "<group>";
		};
		AF095E442AB4EDE500A9D7DD /* Preview Content */ = {
			isa = PBXGroup;
			children = (
				AF095E452AB4EDE500A9D7DD /* Preview Assets.xcassets */,
			);
			path = "Preview Content";
			sourceTree = "<group>";
		};
		AF095E4E2AB4EDE500A9D7DD /* ShopInListWatch Watch AppTests */ = {
			isa = PBXGroup;
			children = (
				AF095E4F2AB4EDE500A9D7DD /* ShopInListWatch_Watch_AppTests.swift */,
			);
			path = "ShopInListWatch Watch AppTests";
			sourceTree = "<group>";
		};
		AF095E582AB4EDE500A9D7DD /* ShopInListWatch Watch AppUITests */ = {
			isa = PBXGroup;
			children = (
				AF095E592AB4EDE500A9D7DD /* ShopInListWatch_Watch_AppUITests.swift */,
				AF095E5B2AB4EDE500A9D7DD /* ShopInListWatch_Watch_AppUITestsLaunchTests.swift */,
			);
			path = "ShopInListWatch Watch AppUITests";
			sourceTree = "<group>";
		};
		AF4D8C2E2AB387970096ADBA /* Lists */ = {
			isa = PBXGroup;
			children = (
				AF4D8C302AB387CF0096ADBA /* ViewComponents */,
				AF4D8C2C2AB371470096ADBA /* ProductList.swift */,
				AF3D91842AA5B0A100DBA3EF /* SectionList.swift */,
			);
			path = Lists;
			sourceTree = "<group>";
		};
		AF4D8C2F2AB387A90096ADBA /* ViewComponents */ = {
			isa = PBXGroup;
			children = (
				AFDF02432AA4A575009E1A28 /* EditView.swift */,
				AF3D91882AA5B29600DBA3EF /* ProductSectionEditView.swift */,
				AFDF02472AA4AF61009E1A28 /* ImagePicherView.swift */,
				AF4D8C332AB38A270096ADBA /* ImagePicker.swift */,
			);
			path = ViewComponents;
			sourceTree = "<group>";
		};
		AF4D8C302AB387CF0096ADBA /* ViewComponents */ = {
			isa = PBXGroup;
			children = (
				AF3D91862AA5B1EE00DBA3EF /* ProductSectionListItemView.swift */,
				AFDF02492AA4CAC7009E1A28 /* ProductListItemView.swift */,
			);
			path = ViewComponents;
			sourceTree = "<group>";
		};
		AF4D8C312AB387F10096ADBA /* Application */ = {
			isa = PBXGroup;
			children = (
				AFF5EECF2AA2216700B840A4 /* ShopInListApp.swift */,
			);
			path = Application;
			sourceTree = "<group>";
		};
		AF4D8C322AB388180096ADBA /* Resources */ = {
			isa = PBXGroup;
			children = (
				AFF5EED52AA2216800B840A4 /* Assets.xcassets */,
			);
			path = Resources;
			sourceTree = "<group>";
		};
		AF81AF712AA4A30A0010AEC6 /* DebugMenu */ = {
			isa = PBXGroup;
			children = (
				AF81AF722AA4A30A0010AEC6 /* DebugMenuViewController.swift */,
			);
			path = DebugMenu;
			sourceTree = "<group>";
		};
		AFF5EEC32AA2216700B840A4 = {
			isa = PBXGroup;
			children = (
				AFF5EECE2AA2216700B840A4 /* ShopInList */,
				AFF5EEE32AA2216800B840A4 /* ShopInListTests */,
				AFF5EEED2AA2216800B840A4 /* ShopInListUITests */,
				AF095E3D2AB4EDE400A9D7DD /* ShopInListWatch Watch App */,
				AF095E4E2AB4EDE500A9D7DD /* ShopInListWatch Watch AppTests */,
				AF095E582AB4EDE500A9D7DD /* ShopInListWatch Watch AppUITests */,
				AFF5EECD2AA2216700B840A4 /* Products */,
			);
			sourceTree = "<group>";
		};
		AFF5EECD2AA2216700B840A4 /* Products */ = {
			isa = PBXGroup;
			children = (
				AFF5EECC2AA2216700B840A4 /* ShopInList.app */,
				AFF5EEE02AA2216800B840A4 /* ShopInListTests.xctest */,
				AFF5EEEA2AA2216800B840A4 /* ShopInListUITests.xctest */,
				AF095E3C2AB4EDE400A9D7DD /* ShopInListWatch Watch App.app */,
				AF095E4B2AB4EDE500A9D7DD /* ShopInListWatch Watch AppTests.xctest */,
				AF095E552AB4EDE500A9D7DD /* ShopInListWatch Watch AppUITests.xctest */,
			);
			name = Products;
			sourceTree = "<group>";
		};
		AFF5EECE2AA2216700B840A4 /* ShopInList */ = {
			isa = PBXGroup;
			children = (
				AF4D8C312AB387F10096ADBA /* Application */,
				AF4D8C322AB388180096ADBA /* Resources */,
				AF81AF712AA4A30A0010AEC6 /* DebugMenu */,
				AFF5EEFD2AA2219700B840A4 /* Models */,
				AF4D8C2F2AB387A90096ADBA /* ViewComponents */,
				AF4D8C2E2AB387970096ADBA /* Lists */,
				AFF5EED12AA2216700B840A4 /* MainView.swift */,
				AFF5EEDA2AA2216800B840A4 /* ShopInList.entitlements */,
				AFF5EEDB2AA2216800B840A4 /* Info.plist */,
				AFF5EED72AA2216800B840A4 /* Preview Content */,
			);
			path = ShopInList;
			sourceTree = "<group>";
		};
		AFF5EED72AA2216800B840A4 /* Preview Content */ = {
			isa = PBXGroup;
			children = (
				AFF5EED82AA2216800B840A4 /* Preview Assets.xcassets */,
			);
			path = "Preview Content";
			sourceTree = "<group>";
		};
		AFF5EEE32AA2216800B840A4 /* ShopInListTests */ = {
			isa = PBXGroup;
			children = (
				AFF5EEE42AA2216800B840A4 /* ShopInListTests.swift */,
			);
			path = ShopInListTests;
			sourceTree = "<group>";
		};
		AFF5EEED2AA2216800B840A4 /* ShopInListUITests */ = {
			isa = PBXGroup;
			children = (
				AFF5EEEE2AA2216800B840A4 /* ShopInListUITests.swift */,
				AFF5EEF02AA2216800B840A4 /* ShopInListUITestsLaunchTests.swift */,
			);
			path = ShopInListUITests;
			sourceTree = "<group>";
		};
		AFF5EEFD2AA2219700B840A4 /* Models */ = {
			isa = PBXGroup;
			children = (
				AFF5EF042AA2250A00B840A4 /* Mall.swift */,
				AFF5EF002AA2234F00B840A4 /* Group.swift */,
				AFF5EF022AA2235F00B840A4 /* ProductSection.swift */,
				AFF5EEFE2AA221DD00B840A4 /* Product.swift */,
				AFDF02452AA4ACCA009E1A28 /* ProductImage.swift */,
			);
			path = Models;
			sourceTree = "<group>";
		};
/* End PBXGroup section */

/* Begin PBXNativeTarget section */
		AF095E3B2AB4EDE400A9D7DD /* ShopInListWatch Watch App */ = {
			isa = PBXNativeTarget;
			buildConfigurationList = AF095E672AB4EDE500A9D7DD /* Build configuration list for PBXNativeTarget "ShopInListWatch Watch App" */;
			buildPhases = (
				AF095E382AB4EDE400A9D7DD /* Sources */,
				AF095E392AB4EDE400A9D7DD /* Frameworks */,
				AF095E3A2AB4EDE400A9D7DD /* Resources */,
			);
			buildRules = (
			);
			dependencies = (
			);
			name = "ShopInListWatch Watch App";
			productName = "ShopInListWatch Watch App";
			productReference = AF095E3C2AB4EDE400A9D7DD /* ShopInListWatch Watch App.app */;
			productType = "com.apple.product-type.application";
		};
		AF095E4A2AB4EDE500A9D7DD /* ShopInListWatch Watch AppTests */ = {
			isa = PBXNativeTarget;
			buildConfigurationList = AF095E682AB4EDE500A9D7DD /* Build configuration list for PBXNativeTarget "ShopInListWatch Watch AppTests" */;
			buildPhases = (
				AF095E472AB4EDE500A9D7DD /* Sources */,
				AF095E482AB4EDE500A9D7DD /* Frameworks */,
				AF095E492AB4EDE500A9D7DD /* Resources */,
			);
			buildRules = (
			);
			dependencies = (
				AF095E4D2AB4EDE500A9D7DD /* PBXTargetDependency */,
			);
			name = "ShopInListWatch Watch AppTests";
			productName = "ShopInListWatch Watch AppTests";
			productReference = AF095E4B2AB4EDE500A9D7DD /* ShopInListWatch Watch AppTests.xctest */;
			productType = "com.apple.product-type.bundle.unit-test";
		};
		AF095E542AB4EDE500A9D7DD /* ShopInListWatch Watch AppUITests */ = {
			isa = PBXNativeTarget;
			buildConfigurationList = AF095E692AB4EDE500A9D7DD /* Build configuration list for PBXNativeTarget "ShopInListWatch Watch AppUITests" */;
			buildPhases = (
				AF095E512AB4EDE500A9D7DD /* Sources */,
				AF095E522AB4EDE500A9D7DD /* Frameworks */,
				AF095E532AB4EDE500A9D7DD /* Resources */,
			);
			buildRules = (
			);
			dependencies = (
				AF095E572AB4EDE500A9D7DD /* PBXTargetDependency */,
			);
			name = "ShopInListWatch Watch AppUITests";
			productName = "ShopInListWatch Watch AppUITests";
			productReference = AF095E552AB4EDE500A9D7DD /* ShopInListWatch Watch AppUITests.xctest */;
			productType = "com.apple.product-type.bundle.ui-testing";
		};
		AFF5EECB2AA2216700B840A4 /* ShopInList */ = {
			isa = PBXNativeTarget;
			buildConfigurationList = AFF5EEF42AA2216800B840A4 /* Build configuration list for PBXNativeTarget "ShopInList" */;
			buildPhases = (
				AFF5EEC82AA2216700B840A4 /* Sources */,
				AFF5EEC92AA2216700B840A4 /* Frameworks */,
				AFF5EECA2AA2216700B840A4 /* Resources */,
				AF095E602AB4EDE500A9D7DD /* Embed Watch Content */,
			);
			buildRules = (
			);
			dependencies = (
				AF095E5E2AB4EDE500A9D7DD /* PBXTargetDependency */,
			);
			name = ShopInList;
			productName = ShopInList;
			productReference = AFF5EECC2AA2216700B840A4 /* ShopInList.app */;
			productType = "com.apple.product-type.application";
		};
		AFF5EEDF2AA2216800B840A4 /* ShopInListTests */ = {
			isa = PBXNativeTarget;
			buildConfigurationList = AFF5EEF72AA2216800B840A4 /* Build configuration list for PBXNativeTarget "ShopInListTests" */;
			buildPhases = (
				AFF5EEDC2AA2216800B840A4 /* Sources */,
				AFF5EEDD2AA2216800B840A4 /* Frameworks */,
				AFF5EEDE2AA2216800B840A4 /* Resources */,
			);
			buildRules = (
			);
			dependencies = (
				AFF5EEE22AA2216800B840A4 /* PBXTargetDependency */,
			);
			name = ShopInListTests;
			productName = ShopInListTests;
			productReference = AFF5EEE02AA2216800B840A4 /* ShopInListTests.xctest */;
			productType = "com.apple.product-type.bundle.unit-test";
		};
		AFF5EEE92AA2216800B840A4 /* ShopInListUITests */ = {
			isa = PBXNativeTarget;
			buildConfigurationList = AFF5EEFA2AA2216800B840A4 /* Build configuration list for PBXNativeTarget "ShopInListUITests" */;
			buildPhases = (
				AFF5EEE62AA2216800B840A4 /* Sources */,
				AFF5EEE72AA2216800B840A4 /* Frameworks */,
				AFF5EEE82AA2216800B840A4 /* Resources */,
			);
			buildRules = (
			);
			dependencies = (
				AFF5EEEC2AA2216800B840A4 /* PBXTargetDependency */,
			);
			name = ShopInListUITests;
			productName = ShopInListUITests;
			productReference = AFF5EEEA2AA2216800B840A4 /* ShopInListUITests.xctest */;
			productType = "com.apple.product-type.bundle.ui-testing";
		};
/* End PBXNativeTarget section */

/* Begin PBXProject section */
		AFF5EEC42AA2216700B840A4 /* Project object */ = {
			isa = PBXProject;
			attributes = {
				BuildIndependentTargetsInParallel = 1;
				LastSwiftUpdateCheck = 1500;
				LastUpgradeCheck = 1500;
				TargetAttributes = {
					AF095E3B2AB4EDE400A9D7DD = {
						CreatedOnToolsVersion = 15.0;
					};
					AF095E4A2AB4EDE500A9D7DD = {
						CreatedOnToolsVersion = 15.0;
						TestTargetID = AF095E3B2AB4EDE400A9D7DD;
					};
					AF095E542AB4EDE500A9D7DD = {
						CreatedOnToolsVersion = 15.0;
						TestTargetID = AF095E3B2AB4EDE400A9D7DD;
					};
					AFF5EECB2AA2216700B840A4 = {
						CreatedOnToolsVersion = 15.0;
					};
					AFF5EEDF2AA2216800B840A4 = {
						CreatedOnToolsVersion = 15.0;
						TestTargetID = AFF5EECB2AA2216700B840A4;
					};
					AFF5EEE92AA2216800B840A4 = {
						CreatedOnToolsVersion = 15.0;
						TestTargetID = AFF5EECB2AA2216700B840A4;
					};
				};
			};
			buildConfigurationList = AFF5EEC72AA2216700B840A4 /* Build configuration list for PBXProject "ShopInList" */;
			compatibilityVersion = "Xcode 14.0";
			developmentRegion = en;
			hasScannedForEncodings = 0;
			knownRegions = (
				en,
				Base,
			);
			mainGroup = AFF5EEC32AA2216700B840A4;
			productRefGroup = AFF5EECD2AA2216700B840A4 /* Products */;
			projectDirPath = "";
			projectRoot = "";
			targets = (
				AFF5EECB2AA2216700B840A4 /* ShopInList */,
				AFF5EEDF2AA2216800B840A4 /* ShopInListTests */,
				AFF5EEE92AA2216800B840A4 /* ShopInListUITests */,
				AF095E3B2AB4EDE400A9D7DD /* ShopInListWatch Watch App */,
				AF095E4A2AB4EDE500A9D7DD /* ShopInListWatch Watch AppTests */,
				AF095E542AB4EDE500A9D7DD /* ShopInListWatch Watch AppUITests */,
			);
		};
/* End PBXProject section */

/* Begin PBXResourcesBuildPhase section */
		AF095E3A2AB4EDE400A9D7DD /* Resources */ = {
			isa = PBXResourcesBuildPhase;
			buildActionMask = 2147483647;
			files = (
				AF095E462AB4EDE500A9D7DD /* Preview Assets.xcassets in Resources */,
				AF095E432AB4EDE500A9D7DD /* Assets.xcassets in Resources */,
			);
			runOnlyForDeploymentPostprocessing = 0;
		};
		AF095E492AB4EDE500A9D7DD /* Resources */ = {
			isa = PBXResourcesBuildPhase;
			buildActionMask = 2147483647;
			files = (
			);
			runOnlyForDeploymentPostprocessing = 0;
		};
		AF095E532AB4EDE500A9D7DD /* Resources */ = {
			isa = PBXResourcesBuildPhase;
			buildActionMask = 2147483647;
			files = (
			);
			runOnlyForDeploymentPostprocessing = 0;
		};
		AFF5EECA2AA2216700B840A4 /* Resources */ = {
			isa = PBXResourcesBuildPhase;
			buildActionMask = 2147483647;
			files = (
				AFF5EED92AA2216800B840A4 /* Preview Assets.xcassets in Resources */,
				AFF5EED62AA2216800B840A4 /* Assets.xcassets in Resources */,
			);
			runOnlyForDeploymentPostprocessing = 0;
		};
		AFF5EEDE2AA2216800B840A4 /* Resources */ = {
			isa = PBXResourcesBuildPhase;
			buildActionMask = 2147483647;
			files = (
			);
			runOnlyForDeploymentPostprocessing = 0;
		};
		AFF5EEE82AA2216800B840A4 /* Resources */ = {
			isa = PBXResourcesBuildPhase;
			buildActionMask = 2147483647;
			files = (
			);
			runOnlyForDeploymentPostprocessing = 0;
		};
/* End PBXResourcesBuildPhase section */

/* Begin PBXSourcesBuildPhase section */
		AF095E382AB4EDE400A9D7DD /* Sources */ = {
			isa = PBXSourcesBuildPhase;
			buildActionMask = 2147483647;
			files = (
				AF095E6F2AB4F1C600A9D7DD /* ShopInListApp.swift in Sources */,
				AF095E702AB4F1C600A9D7DD /* SectionList.swift in Sources */,
				AF095E6B2AB4F1C600A9D7DD /* ProductSectionListItemView.swift in Sources */,
				AF095E762AB4F1C600A9D7DD /* ProductSection.swift in Sources */,
				AF095E712AB4F1C600A9D7DD /* ProductListItemView.swift in Sources */,
				AF095E6D2AB4F1C600A9D7DD /* MainView.swift in Sources */,
				AF095E6A2AB4F1C500A9D7DD /* ProductList.swift in Sources */,
				AF095E7A2AB4FD9600A9D7DD /* EditView.swift in Sources */,
				AF095E722AB4F1C600A9D7DD /* DebugMenuViewController.swift in Sources */,
				AF095E6E2AB4F1C600A9D7DD /* Group.swift in Sources */,
				AF095E7B2AB4FE3C00A9D7DD /* ProductSectionEditView.swift in Sources */,
				AF095E6C2AB4F1C600A9D7DD /* ProductImage.swift in Sources */,
				AF095E772AB4F1C600A9D7DD /* Product.swift in Sources */,
				AF095E782AB4F1C600A9D7DD /* Mall.swift in Sources */,
			);
			runOnlyForDeploymentPostprocessing = 0;
		};
		AF095E472AB4EDE500A9D7DD /* Sources */ = {
			isa = PBXSourcesBuildPhase;
			buildActionMask = 2147483647;
			files = (
				AF095E502AB4EDE500A9D7DD /* ShopInListWatch_Watch_AppTests.swift in Sources */,
			);
			runOnlyForDeploymentPostprocessing = 0;
		};
		AF095E512AB4EDE500A9D7DD /* Sources */ = {
			isa = PBXSourcesBuildPhase;
			buildActionMask = 2147483647;
			files = (
				AF095E5A2AB4EDE500A9D7DD /* ShopInListWatch_Watch_AppUITests.swift in Sources */,
				AF095E5C2AB4EDE500A9D7DD /* ShopInListWatch_Watch_AppUITestsLaunchTests.swift in Sources */,
			);
			runOnlyForDeploymentPostprocessing = 0;
		};
		AFF5EEC82AA2216700B840A4 /* Sources */ = {
			isa = PBXSourcesBuildPhase;
			buildActionMask = 2147483647;
			files = (
				AF3D91872AA5B1EE00DBA3EF /* ProductSectionListItemView.swift in Sources */,
				AFF5EED22AA2216700B840A4 /* MainView.swift in Sources */,
				AFDF024A2AA4CAC7009E1A28 /* ProductListItemView.swift in Sources */,
				AFF5EEFF2AA221DD00B840A4 /* Product.swift in Sources */,
				AFDF02442AA4A575009E1A28 /* EditView.swift in Sources */,
				AF81AF732AA4A30A0010AEC6 /* DebugMenuViewController.swift in Sources */,
				AF4D8C2D2AB371470096ADBA /* ProductList.swift in Sources */,
				AFF5EF032AA2235F00B840A4 /* ProductSection.swift in Sources */,
				AFF5EF012AA2234F00B840A4 /* Group.swift in Sources */,
				AFF5EED02AA2216700B840A4 /* ShopInListApp.swift in Sources */,
				AFDF02482AA4AF61009E1A28 /* ImagePicherView.swift in Sources */,
				AF3D91892AA5B29600DBA3EF /* ProductSectionEditView.swift in Sources */,
				AF3D91852AA5B0A100DBA3EF /* SectionList.swift in Sources */,
				AF4D8C342AB38A270096ADBA /* ImagePicker.swift in Sources */,
				AFF5EF052AA2250A00B840A4 /* Mall.swift in Sources */,
				AFDF02462AA4ACCA009E1A28 /* ProductImage.swift in Sources */,
			);
			runOnlyForDeploymentPostprocessing = 0;
		};
		AFF5EEDC2AA2216800B840A4 /* Sources */ = {
			isa = PBXSourcesBuildPhase;
			buildActionMask = 2147483647;
			files = (
				AFF5EEE52AA2216800B840A4 /* ShopInListTests.swift in Sources */,
			);
			runOnlyForDeploymentPostprocessing = 0;
		};
		AFF5EEE62AA2216800B840A4 /* Sources */ = {
			isa = PBXSourcesBuildPhase;
			buildActionMask = 2147483647;
			files = (
				AFF5EEEF2AA2216800B840A4 /* ShopInListUITests.swift in Sources */,
				AFF5EEF12AA2216800B840A4 /* ShopInListUITestsLaunchTests.swift in Sources */,
			);
			runOnlyForDeploymentPostprocessing = 0;
		};
/* End PBXSourcesBuildPhase section */

/* Begin PBXTargetDependency section */
		AF095E4D2AB4EDE500A9D7DD /* PBXTargetDependency */ = {
			isa = PBXTargetDependency;
			target = AF095E3B2AB4EDE400A9D7DD /* ShopInListWatch Watch App */;
			targetProxy = AF095E4C2AB4EDE500A9D7DD /* PBXContainerItemProxy */;
		};
		AF095E572AB4EDE500A9D7DD /* PBXTargetDependency */ = {
			isa = PBXTargetDependency;
			target = AF095E3B2AB4EDE400A9D7DD /* ShopInListWatch Watch App */;
			targetProxy = AF095E562AB4EDE500A9D7DD /* PBXContainerItemProxy */;
		};
		AF095E5E2AB4EDE500A9D7DD /* PBXTargetDependency */ = {
			isa = PBXTargetDependency;
			target = AF095E3B2AB4EDE400A9D7DD /* ShopInListWatch Watch App */;
			targetProxy = AF095E5D2AB4EDE500A9D7DD /* PBXContainerItemProxy */;
		};
		AFF5EEE22AA2216800B840A4 /* PBXTargetDependency */ = {
			isa = PBXTargetDependency;
			target = AFF5EECB2AA2216700B840A4 /* ShopInList */;
			targetProxy = AFF5EEE12AA2216800B840A4 /* PBXContainerItemProxy */;
		};
		AFF5EEEC2AA2216800B840A4 /* PBXTargetDependency */ = {
			isa = PBXTargetDependency;
			target = AFF5EECB2AA2216700B840A4 /* ShopInList */;
			targetProxy = AFF5EEEB2AA2216800B840A4 /* PBXContainerItemProxy */;
		};
/* End PBXTargetDependency section */

/* Begin XCBuildConfiguration section */
		AF095E612AB4EDE500A9D7DD /* Debug */ = {
			isa = XCBuildConfiguration;
			buildSettings = {
				ASSETCATALOG_COMPILER_APPICON_NAME = AppIcon;
				ASSETCATALOG_COMPILER_GLOBAL_ACCENT_COLOR_NAME = AccentColor;
				CODE_SIGN_ENTITLEMENTS = "ShopInListWatch Watch App/ShopInListWatch Watch App.entitlements";
				CODE_SIGN_STYLE = Automatic;
				CURRENT_PROJECT_VERSION = 1;
				DEVELOPMENT_ASSET_PATHS = "\"ShopInListWatch Watch App/Preview Content\"";
				DEVELOPMENT_TEAM = VV53US7R3M;
				ENABLE_PREVIEWS = YES;
				GENERATE_INFOPLIST_FILE = YES;
				INFOPLIST_FILE = "ShopInListWatch-Watch-App-Info.plist";
				INFOPLIST_KEY_CFBundleDisplayName = ShopInListWatch;
				INFOPLIST_KEY_UISupportedInterfaceOrientations = "UIInterfaceOrientationPortrait UIInterfaceOrientationPortraitUpsideDown";
				INFOPLIST_KEY_WKCompanionAppBundleIdentifier = qqq.ShopInList;
				INFOPLIST_KEY_WKRunsIndependentlyOfCompanionApp = YES;
				LD_RUNPATH_SEARCH_PATHS = (
					"$(inherited)",
					"@executable_path/Frameworks",
				);
				MARKETING_VERSION = 1.0;
				PRODUCT_BUNDLE_IDENTIFIER = qqq.ShopInList.watchkit;
				PRODUCT_NAME = "$(TARGET_NAME)";
				SDKROOT = watchos;
				SKIP_INSTALL = YES;
				SWIFT_EMIT_LOC_STRINGS = YES;
				SWIFT_VERSION = 5.0;
				TARGETED_DEVICE_FAMILY = 4;
				WATCHOS_DEPLOYMENT_TARGET = 10.0;
			};
			name = Debug;
		};
		AF095E622AB4EDE500A9D7DD /* Release */ = {
			isa = XCBuildConfiguration;
			buildSettings = {
				ASSETCATALOG_COMPILER_APPICON_NAME = AppIcon;
				ASSETCATALOG_COMPILER_GLOBAL_ACCENT_COLOR_NAME = AccentColor;
				CODE_SIGN_ENTITLEMENTS = "ShopInListWatch Watch App/ShopInListWatch Watch App.entitlements";
				CODE_SIGN_STYLE = Automatic;
				CURRENT_PROJECT_VERSION = 1;
				DEVELOPMENT_ASSET_PATHS = "\"ShopInListWatch Watch App/Preview Content\"";
				DEVELOPMENT_TEAM = VV53US7R3M;
				ENABLE_PREVIEWS = YES;
				GENERATE_INFOPLIST_FILE = YES;
				INFOPLIST_FILE = "ShopInListWatch-Watch-App-Info.plist";
				INFOPLIST_KEY_CFBundleDisplayName = ShopInListWatch;
				INFOPLIST_KEY_UISupportedInterfaceOrientations = "UIInterfaceOrientationPortrait UIInterfaceOrientationPortraitUpsideDown";
				INFOPLIST_KEY_WKCompanionAppBundleIdentifier = qqq.ShopInList;
				INFOPLIST_KEY_WKRunsIndependentlyOfCompanionApp = YES;
				LD_RUNPATH_SEARCH_PATHS = (
					"$(inherited)",
					"@executable_path/Frameworks",
				);
				MARKETING_VERSION = 1.0;
				PRODUCT_BUNDLE_IDENTIFIER = qqq.ShopInList.watchkit;
				PRODUCT_NAME = "$(TARGET_NAME)";
				SDKROOT = watchos;
				SKIP_INSTALL = YES;
				SWIFT_EMIT_LOC_STRINGS = YES;
				SWIFT_VERSION = 5.0;
				TARGETED_DEVICE_FAMILY = 4;
				WATCHOS_DEPLOYMENT_TARGET = 10.0;
			};
			name = Release;
		};
		AF095E632AB4EDE500A9D7DD /* Debug */ = {
			isa = XCBuildConfiguration;
			buildSettings = {
				ALWAYS_EMBED_SWIFT_STANDARD_LIBRARIES = YES;
				BUNDLE_LOADER = "$(TEST_HOST)";
				CODE_SIGN_STYLE = Automatic;
				CURRENT_PROJECT_VERSION = 1;
				DEVELOPMENT_TEAM = HJLHKX7H2T;
				GENERATE_INFOPLIST_FILE = YES;
				MARKETING_VERSION = 1.0;
				PRODUCT_BUNDLE_IDENTIFIER = "qqq.ShopInList.ShopInListWatch-Watch-AppTests";
				PRODUCT_NAME = "$(TARGET_NAME)";
				SDKROOT = watchos;
				SWIFT_EMIT_LOC_STRINGS = NO;
				SWIFT_VERSION = 5.0;
				TARGETED_DEVICE_FAMILY = 4;
				TEST_HOST = "$(BUILT_PRODUCTS_DIR)/ShopInListWatch Watch App.app/$(BUNDLE_EXECUTABLE_FOLDER_PATH)/ShopInListWatch Watch App";
				WATCHOS_DEPLOYMENT_TARGET = 10.0;
			};
			name = Debug;
		};
		AF095E642AB4EDE500A9D7DD /* Release */ = {
			isa = XCBuildConfiguration;
			buildSettings = {
				ALWAYS_EMBED_SWIFT_STANDARD_LIBRARIES = YES;
				BUNDLE_LOADER = "$(TEST_HOST)";
				CODE_SIGN_STYLE = Automatic;
				CURRENT_PROJECT_VERSION = 1;
				DEVELOPMENT_TEAM = HJLHKX7H2T;
				GENERATE_INFOPLIST_FILE = YES;
				MARKETING_VERSION = 1.0;
				PRODUCT_BUNDLE_IDENTIFIER = "qqq.ShopInList.ShopInListWatch-Watch-AppTests";
				PRODUCT_NAME = "$(TARGET_NAME)";
				SDKROOT = watchos;
				SWIFT_EMIT_LOC_STRINGS = NO;
				SWIFT_VERSION = 5.0;
				TARGETED_DEVICE_FAMILY = 4;
				TEST_HOST = "$(BUILT_PRODUCTS_DIR)/ShopInListWatch Watch App.app/$(BUNDLE_EXECUTABLE_FOLDER_PATH)/ShopInListWatch Watch App";
				WATCHOS_DEPLOYMENT_TARGET = 10.0;
			};
			name = Release;
		};
		AF095E652AB4EDE500A9D7DD /* Debug */ = {
			isa = XCBuildConfiguration;
			buildSettings = {
				ALWAYS_EMBED_SWIFT_STANDARD_LIBRARIES = YES;
				CODE_SIGN_STYLE = Automatic;
				CURRENT_PROJECT_VERSION = 1;
				DEVELOPMENT_TEAM = HJLHKX7H2T;
				GENERATE_INFOPLIST_FILE = YES;
				MARKETING_VERSION = 1.0;
				PRODUCT_BUNDLE_IDENTIFIER = "qqq.ShopInList.ShopInListWatch-Watch-AppUITests";
				PRODUCT_NAME = "$(TARGET_NAME)";
				SDKROOT = watchos;
				SWIFT_EMIT_LOC_STRINGS = NO;
				SWIFT_VERSION = 5.0;
				TARGETED_DEVICE_FAMILY = 4;
				TEST_TARGET_NAME = "ShopInListWatch Watch App";
				WATCHOS_DEPLOYMENT_TARGET = 10.0;
			};
			name = Debug;
		};
		AF095E662AB4EDE500A9D7DD /* Release */ = {
			isa = XCBuildConfiguration;
			buildSettings = {
				ALWAYS_EMBED_SWIFT_STANDARD_LIBRARIES = YES;
				CODE_SIGN_STYLE = Automatic;
				CURRENT_PROJECT_VERSION = 1;
				DEVELOPMENT_TEAM = HJLHKX7H2T;
				GENERATE_INFOPLIST_FILE = YES;
				MARKETING_VERSION = 1.0;
				PRODUCT_BUNDLE_IDENTIFIER = "qqq.ShopInList.ShopInListWatch-Watch-AppUITests";
				PRODUCT_NAME = "$(TARGET_NAME)";
				SDKROOT = watchos;
				SWIFT_EMIT_LOC_STRINGS = NO;
				SWIFT_VERSION = 5.0;
				TARGETED_DEVICE_FAMILY = 4;
				TEST_TARGET_NAME = "ShopInListWatch Watch App";
				WATCHOS_DEPLOYMENT_TARGET = 10.0;
			};
			name = Release;
		};
		AFF5EEF22AA2216800B840A4 /* Debug */ = {
			isa = XCBuildConfiguration;
			buildSettings = {
				ALWAYS_SEARCH_USER_PATHS = NO;
				ASSETCATALOG_COMPILER_GENERATE_SWIFT_ASSET_SYMBOL_EXTENSIONS = YES;
				CLANG_ANALYZER_NONNULL = YES;
				CLANG_ANALYZER_NUMBER_OBJECT_CONVERSION = YES_AGGRESSIVE;
				CLANG_CXX_LANGUAGE_STANDARD = "gnu++20";
				CLANG_ENABLE_MODULES = YES;
				CLANG_ENABLE_OBJC_ARC = YES;
				CLANG_ENABLE_OBJC_WEAK = YES;
				CLANG_WARN_BLOCK_CAPTURE_AUTORELEASING = YES;
				CLANG_WARN_BOOL_CONVERSION = YES;
				CLANG_WARN_COMMA = YES;
				CLANG_WARN_CONSTANT_CONVERSION = YES;
				CLANG_WARN_DEPRECATED_OBJC_IMPLEMENTATIONS = YES;
				CLANG_WARN_DIRECT_OBJC_ISA_USAGE = YES_ERROR;
				CLANG_WARN_DOCUMENTATION_COMMENTS = YES;
				CLANG_WARN_EMPTY_BODY = YES;
				CLANG_WARN_ENUM_CONVERSION = YES;
				CLANG_WARN_INFINITE_RECURSION = YES;
				CLANG_WARN_INT_CONVERSION = YES;
				CLANG_WARN_NON_LITERAL_NULL_CONVERSION = YES;
				CLANG_WARN_OBJC_IMPLICIT_RETAIN_SELF = YES;
				CLANG_WARN_OBJC_LITERAL_CONVERSION = YES;
				CLANG_WARN_OBJC_ROOT_CLASS = YES_ERROR;
				CLANG_WARN_QUOTED_INCLUDE_IN_FRAMEWORK_HEADER = YES;
				CLANG_WARN_RANGE_LOOP_ANALYSIS = YES;
				CLANG_WARN_STRICT_PROTOTYPES = YES;
				CLANG_WARN_SUSPICIOUS_MOVE = YES;
				CLANG_WARN_UNGUARDED_AVAILABILITY = YES_AGGRESSIVE;
				CLANG_WARN_UNREACHABLE_CODE = YES;
				CLANG_WARN__DUPLICATE_METHOD_MATCH = YES;
				COPY_PHASE_STRIP = NO;
				DEBUG_INFORMATION_FORMAT = dwarf;
				ENABLE_STRICT_OBJC_MSGSEND = YES;
				ENABLE_TESTABILITY = YES;
				ENABLE_USER_SCRIPT_SANDBOXING = YES;
				GCC_C_LANGUAGE_STANDARD = gnu17;
				GCC_DYNAMIC_NO_PIC = NO;
				GCC_NO_COMMON_BLOCKS = YES;
				GCC_OPTIMIZATION_LEVEL = 0;
				GCC_PREPROCESSOR_DEFINITIONS = (
					"DEBUG=1",
					"$(inherited)",
				);
				GCC_WARN_64_TO_32_BIT_CONVERSION = YES;
				GCC_WARN_ABOUT_RETURN_TYPE = YES_ERROR;
				GCC_WARN_UNDECLARED_SELECTOR = YES;
				GCC_WARN_UNINITIALIZED_AUTOS = YES_AGGRESSIVE;
				GCC_WARN_UNUSED_FUNCTION = YES;
				GCC_WARN_UNUSED_VARIABLE = YES;
				IPHONEOS_DEPLOYMENT_TARGET = 17.0;
				LOCALIZATION_PREFERS_STRING_CATALOGS = YES;
				MTL_ENABLE_DEBUG_INFO = INCLUDE_SOURCE;
				MTL_FAST_MATH = YES;
				ONLY_ACTIVE_ARCH = YES;
				SDKROOT = iphoneos;
				SWIFT_ACTIVE_COMPILATION_CONDITIONS = "DEBUG $(inherited)";
				SWIFT_OPTIMIZATION_LEVEL = "-Onone";
			};
			name = Debug;
		};
		AFF5EEF32AA2216800B840A4 /* Release */ = {
			isa = XCBuildConfiguration;
			buildSettings = {
				ALWAYS_SEARCH_USER_PATHS = NO;
				ASSETCATALOG_COMPILER_GENERATE_SWIFT_ASSET_SYMBOL_EXTENSIONS = YES;
				CLANG_ANALYZER_NONNULL = YES;
				CLANG_ANALYZER_NUMBER_OBJECT_CONVERSION = YES_AGGRESSIVE;
				CLANG_CXX_LANGUAGE_STANDARD = "gnu++20";
				CLANG_ENABLE_MODULES = YES;
				CLANG_ENABLE_OBJC_ARC = YES;
				CLANG_ENABLE_OBJC_WEAK = YES;
				CLANG_WARN_BLOCK_CAPTURE_AUTORELEASING = YES;
				CLANG_WARN_BOOL_CONVERSION = YES;
				CLANG_WARN_COMMA = YES;
				CLANG_WARN_CONSTANT_CONVERSION = YES;
				CLANG_WARN_DEPRECATED_OBJC_IMPLEMENTATIONS = YES;
				CLANG_WARN_DIRECT_OBJC_ISA_USAGE = YES_ERROR;
				CLANG_WARN_DOCUMENTATION_COMMENTS = YES;
				CLANG_WARN_EMPTY_BODY = YES;
				CLANG_WARN_ENUM_CONVERSION = YES;
				CLANG_WARN_INFINITE_RECURSION = YES;
				CLANG_WARN_INT_CONVERSION = YES;
				CLANG_WARN_NON_LITERAL_NULL_CONVERSION = YES;
				CLANG_WARN_OBJC_IMPLICIT_RETAIN_SELF = YES;
				CLANG_WARN_OBJC_LITERAL_CONVERSION = YES;
				CLANG_WARN_OBJC_ROOT_CLASS = YES_ERROR;
				CLANG_WARN_QUOTED_INCLUDE_IN_FRAMEWORK_HEADER = YES;
				CLANG_WARN_RANGE_LOOP_ANALYSIS = YES;
				CLANG_WARN_STRICT_PROTOTYPES = YES;
				CLANG_WARN_SUSPICIOUS_MOVE = YES;
				CLANG_WARN_UNGUARDED_AVAILABILITY = YES_AGGRESSIVE;
				CLANG_WARN_UNREACHABLE_CODE = YES;
				CLANG_WARN__DUPLICATE_METHOD_MATCH = YES;
				COPY_PHASE_STRIP = NO;
				DEBUG_INFORMATION_FORMAT = "dwarf-with-dsym";
				ENABLE_NS_ASSERTIONS = NO;
				ENABLE_STRICT_OBJC_MSGSEND = YES;
				ENABLE_USER_SCRIPT_SANDBOXING = YES;
				GCC_C_LANGUAGE_STANDARD = gnu17;
				GCC_NO_COMMON_BLOCKS = YES;
				GCC_WARN_64_TO_32_BIT_CONVERSION = YES;
				GCC_WARN_ABOUT_RETURN_TYPE = YES_ERROR;
				GCC_WARN_UNDECLARED_SELECTOR = YES;
				GCC_WARN_UNINITIALIZED_AUTOS = YES_AGGRESSIVE;
				GCC_WARN_UNUSED_FUNCTION = YES;
				GCC_WARN_UNUSED_VARIABLE = YES;
				IPHONEOS_DEPLOYMENT_TARGET = 17.0;
				LOCALIZATION_PREFERS_STRING_CATALOGS = YES;
				MTL_ENABLE_DEBUG_INFO = NO;
				MTL_FAST_MATH = YES;
				SDKROOT = iphoneos;
				SWIFT_COMPILATION_MODE = wholemodule;
				VALIDATE_PRODUCT = YES;
			};
			name = Release;
		};
		AFF5EEF52AA2216800B840A4 /* Debug */ = {
			isa = XCBuildConfiguration;
			buildSettings = {
				ALWAYS_EMBED_SWIFT_STANDARD_LIBRARIES = YES;
				ASSETCATALOG_COMPILER_APPICON_NAME = AppIcon;
				ASSETCATALOG_COMPILER_GLOBAL_ACCENT_COLOR_NAME = AccentColor;
				CODE_SIGN_ENTITLEMENTS = ShopInList/ShopInList.entitlements;
				CODE_SIGN_STYLE = Automatic;
				CURRENT_PROJECT_VERSION = 1;
				DEVELOPMENT_ASSET_PATHS = "\"ShopInList/Preview Content\"";
				DEVELOPMENT_TEAM = VV53US7R3M;
				ENABLE_PREVIEWS = YES;
				GENERATE_INFOPLIST_FILE = YES;
				INFOPLIST_FILE = ShopInList/Info.plist;
				INFOPLIST_KEY_UIApplicationSceneManifest_Generation = YES;
				INFOPLIST_KEY_UIApplicationSupportsIndirectInputEvents = YES;
				INFOPLIST_KEY_UILaunchScreen_Generation = YES;
				INFOPLIST_KEY_UISupportedInterfaceOrientations_iPad = "UIInterfaceOrientationPortrait UIInterfaceOrientationPortraitUpsideDown UIInterfaceOrientationLandscapeLeft UIInterfaceOrientationLandscapeRight";
				INFOPLIST_KEY_UISupportedInterfaceOrientations_iPhone = "UIInterfaceOrientationPortrait UIInterfaceOrientationLandscapeLeft UIInterfaceOrientationLandscapeRight";
				LD_RUNPATH_SEARCH_PATHS = (
					"$(inherited)",
					"@executable_path/Frameworks",
				);
				MARKETING_VERSION = 1.0;
				PRODUCT_BUNDLE_IDENTIFIER = qqq.ShopInList;
				PRODUCT_NAME = "$(TARGET_NAME)";
				SWIFT_EMIT_LOC_STRINGS = YES;
				SWIFT_VERSION = 5.0;
				TARGETED_DEVICE_FAMILY = "1,2";
			};
			name = Debug;
		};
		AFF5EEF62AA2216800B840A4 /* Release */ = {
			isa = XCBuildConfiguration;
			buildSettings = {
				ALWAYS_EMBED_SWIFT_STANDARD_LIBRARIES = YES;
				ASSETCATALOG_COMPILER_APPICON_NAME = AppIcon;
				ASSETCATALOG_COMPILER_GLOBAL_ACCENT_COLOR_NAME = AccentColor;
				CODE_SIGN_ENTITLEMENTS = ShopInList/ShopInList.entitlements;
				CODE_SIGN_STYLE = Automatic;
				CURRENT_PROJECT_VERSION = 1;
				DEVELOPMENT_ASSET_PATHS = "\"ShopInList/Preview Content\"";
				DEVELOPMENT_TEAM = VV53US7R3M;
				ENABLE_PREVIEWS = YES;
				GENERATE_INFOPLIST_FILE = YES;
				INFOPLIST_FILE = ShopInList/Info.plist;
				INFOPLIST_KEY_UIApplicationSceneManifest_Generation = YES;
				INFOPLIST_KEY_UIApplicationSupportsIndirectInputEvents = YES;
				INFOPLIST_KEY_UILaunchScreen_Generation = YES;
				INFOPLIST_KEY_UISupportedInterfaceOrientations_iPad = "UIInterfaceOrientationPortrait UIInterfaceOrientationPortraitUpsideDown UIInterfaceOrientationLandscapeLeft UIInterfaceOrientationLandscapeRight";
				INFOPLIST_KEY_UISupportedInterfaceOrientations_iPhone = "UIInterfaceOrientationPortrait UIInterfaceOrientationLandscapeLeft UIInterfaceOrientationLandscapeRight";
				LD_RUNPATH_SEARCH_PATHS = (
					"$(inherited)",
					"@executable_path/Frameworks",
				);
				MARKETING_VERSION = 1.0;
				PRODUCT_BUNDLE_IDENTIFIER = qqq.ShopInList;
				PRODUCT_NAME = "$(TARGET_NAME)";
				SWIFT_EMIT_LOC_STRINGS = YES;
				SWIFT_VERSION = 5.0;
				TARGETED_DEVICE_FAMILY = "1,2";
			};
			name = Release;
		};
		AFF5EEF82AA2216800B840A4 /* Debug */ = {
			isa = XCBuildConfiguration;
			buildSettings = {
				ALWAYS_EMBED_SWIFT_STANDARD_LIBRARIES = YES;
				BUNDLE_LOADER = "$(TEST_HOST)";
				CODE_SIGN_STYLE = Automatic;
				CURRENT_PROJECT_VERSION = 1;
				DEVELOPMENT_TEAM = HJLHKX7H2T;
				GENERATE_INFOPLIST_FILE = YES;
				IPHONEOS_DEPLOYMENT_TARGET = 17.0;
				MARKETING_VERSION = 1.0;
				PRODUCT_BUNDLE_IDENTIFIER = qqq.ShopInListTests;
				PRODUCT_NAME = "$(TARGET_NAME)";
				SWIFT_EMIT_LOC_STRINGS = NO;
				SWIFT_VERSION = 5.0;
				TARGETED_DEVICE_FAMILY = "1,2";
				TEST_HOST = "$(BUILT_PRODUCTS_DIR)/ShopInList.app/$(BUNDLE_EXECUTABLE_FOLDER_PATH)/ShopInList";
			};
			name = Debug;
		};
		AFF5EEF92AA2216800B840A4 /* Release */ = {
			isa = XCBuildConfiguration;
			buildSettings = {
				ALWAYS_EMBED_SWIFT_STANDARD_LIBRARIES = YES;
				BUNDLE_LOADER = "$(TEST_HOST)";
				CODE_SIGN_STYLE = Automatic;
				CURRENT_PROJECT_VERSION = 1;
				DEVELOPMENT_TEAM = HJLHKX7H2T;
				GENERATE_INFOPLIST_FILE = YES;
				IPHONEOS_DEPLOYMENT_TARGET = 17.0;
				MARKETING_VERSION = 1.0;
				PRODUCT_BUNDLE_IDENTIFIER = qqq.ShopInListTests;
				PRODUCT_NAME = "$(TARGET_NAME)";
				SWIFT_EMIT_LOC_STRINGS = NO;
				SWIFT_VERSION = 5.0;
				TARGETED_DEVICE_FAMILY = "1,2";
				TEST_HOST = "$(BUILT_PRODUCTS_DIR)/ShopInList.app/$(BUNDLE_EXECUTABLE_FOLDER_PATH)/ShopInList";
			};
			name = Release;
		};
		AFF5EEFB2AA2216800B840A4 /* Debug */ = {
			isa = XCBuildConfiguration;
			buildSettings = {
				ALWAYS_EMBED_SWIFT_STANDARD_LIBRARIES = YES;
				CODE_SIGN_STYLE = Automatic;
				CURRENT_PROJECT_VERSION = 1;
				DEVELOPMENT_TEAM = HJLHKX7H2T;
				GENERATE_INFOPLIST_FILE = YES;
				MARKETING_VERSION = 1.0;
				PRODUCT_BUNDLE_IDENTIFIER = qqq.ShopInListUITests;
				PRODUCT_NAME = "$(TARGET_NAME)";
				SWIFT_EMIT_LOC_STRINGS = NO;
				SWIFT_VERSION = 5.0;
				TARGETED_DEVICE_FAMILY = "1,2";
				TEST_TARGET_NAME = ShopInList;
			};
			name = Debug;
		};
		AFF5EEFC2AA2216800B840A4 /* Release */ = {
			isa = XCBuildConfiguration;
			buildSettings = {
				ALWAYS_EMBED_SWIFT_STANDARD_LIBRARIES = YES;
				CODE_SIGN_STYLE = Automatic;
				CURRENT_PROJECT_VERSION = 1;
				DEVELOPMENT_TEAM = HJLHKX7H2T;
				GENERATE_INFOPLIST_FILE = YES;
				MARKETING_VERSION = 1.0;
				PRODUCT_BUNDLE_IDENTIFIER = qqq.ShopInListUITests;
				PRODUCT_NAME = "$(TARGET_NAME)";
				SWIFT_EMIT_LOC_STRINGS = NO;
				SWIFT_VERSION = 5.0;
				TARGETED_DEVICE_FAMILY = "1,2";
				TEST_TARGET_NAME = ShopInList;
			};
			name = Release;
		};
/* End XCBuildConfiguration section */

/* Begin XCConfigurationList section */
		AF095E672AB4EDE500A9D7DD /* Build configuration list for PBXNativeTarget "ShopInListWatch Watch App" */ = {
			isa = XCConfigurationList;
			buildConfigurations = (
				AF095E612AB4EDE500A9D7DD /* Debug */,
				AF095E622AB4EDE500A9D7DD /* Release */,
			);
			defaultConfigurationIsVisible = 0;
			defaultConfigurationName = Release;
		};
		AF095E682AB4EDE500A9D7DD /* Build configuration list for PBXNativeTarget "ShopInListWatch Watch AppTests" */ = {
			isa = XCConfigurationList;
			buildConfigurations = (
				AF095E632AB4EDE500A9D7DD /* Debug */,
				AF095E642AB4EDE500A9D7DD /* Release */,
			);
			defaultConfigurationIsVisible = 0;
			defaultConfigurationName = Release;
		};
		AF095E692AB4EDE500A9D7DD /* Build configuration list for PBXNativeTarget "ShopInListWatch Watch AppUITests" */ = {
			isa = XCConfigurationList;
			buildConfigurations = (
				AF095E652AB4EDE500A9D7DD /* Debug */,
				AF095E662AB4EDE500A9D7DD /* Release */,
			);
			defaultConfigurationIsVisible = 0;
			defaultConfigurationName = Release;
		};
		AFF5EEC72AA2216700B840A4 /* Build configuration list for PBXProject "ShopInList" */ = {
			isa = XCConfigurationList;
			buildConfigurations = (
				AFF5EEF22AA2216800B840A4 /* Debug */,
				AFF5EEF32AA2216800B840A4 /* Release */,
			);
			defaultConfigurationIsVisible = 0;
			defaultConfigurationName = Release;
		};
		AFF5EEF42AA2216800B840A4 /* Build configuration list for PBXNativeTarget "ShopInList" */ = {
			isa = XCConfigurationList;
			buildConfigurations = (
				AFF5EEF52AA2216800B840A4 /* Debug */,
				AFF5EEF62AA2216800B840A4 /* Release */,
			);
			defaultConfigurationIsVisible = 0;
			defaultConfigurationName = Release;
		};
		AFF5EEF72AA2216800B840A4 /* Build configuration list for PBXNativeTarget "ShopInListTests" */ = {
			isa = XCConfigurationList;
			buildConfigurations = (
				AFF5EEF82AA2216800B840A4 /* Debug */,
				AFF5EEF92AA2216800B840A4 /* Release */,
			);
			defaultConfigurationIsVisible = 0;
			defaultConfigurationName = Release;
		};
		AFF5EEFA2AA2216800B840A4 /* Build configuration list for PBXNativeTarget "ShopInListUITests" */ = {
			isa = XCConfigurationList;
			buildConfigurations = (
				AFF5EEFB2AA2216800B840A4 /* Debug */,
				AFF5EEFC2AA2216800B840A4 /* Release */,
			);
			defaultConfigurationIsVisible = 0;
			defaultConfigurationName = Release;
		};
/* End XCConfigurationList section */
	};
	rootObject = AFF5EEC42AA2216700B840A4 /* Project object */;
}
